// !$*UTF8*$!
{
	archiveVersion = 1;
	classes = {
	};
	objectVersion = 46;
	objects = {

/* Begin PBXBuildFile section */
		BC41D6731865658D001FAC75 /* Foundation.framework in Frameworks */ = {isa = PBXBuildFile; fileRef = BC41D6721865658D001FAC75 /* Foundation.framework */; };
		BC41D6751865658D001FAC75 /* CoreGraphics.framework in Frameworks */ = {isa = PBXBuildFile; fileRef = BC41D6741865658D001FAC75 /* CoreGraphics.framework */; };
		BC41D6771865658D001FAC75 /* UIKit.framework in Frameworks */ = {isa = PBXBuildFile; fileRef = BC41D6761865658D001FAC75 /* UIKit.framework */; };
		BC41D67D1865658D001FAC75 /* InfoPlist.strings in Resources */ = {isa = PBXBuildFile; fileRef = BC41D67B1865658D001FAC75 /* InfoPlist.strings */; };
		BC41D67F1865658D001FAC75 /* main.m in Sources */ = {isa = PBXBuildFile; fileRef = BC41D67E1865658D001FAC75 /* main.m */; };
		BC41D6831865658D001FAC75 /* AppDelegate.m in Sources */ = {isa = PBXBuildFile; fileRef = BC41D6821865658D001FAC75 /* AppDelegate.m */; };
		BC41D6861865658D001FAC75 /* Main.storyboard in Resources */ = {isa = PBXBuildFile; fileRef = BC41D6841865658D001FAC75 /* Main.storyboard */; };
		BC41D6891865658D001FAC75 /* ViewController.m in Sources */ = {isa = PBXBuildFile; fileRef = BC41D6881865658D001FAC75 /* ViewController.m */; };
		BC41D68B1865658D001FAC75 /* Images.xcassets in Resources */ = {isa = PBXBuildFile; fileRef = BC41D68A1865658D001FAC75 /* Images.xcassets */; };
		BC41D6921865658D001FAC75 /* XCTest.framework in Frameworks */ = {isa = PBXBuildFile; fileRef = BC41D6911865658D001FAC75 /* XCTest.framework */; };
		BC41D6931865658D001FAC75 /* Foundation.framework in Frameworks */ = {isa = PBXBuildFile; fileRef = BC41D6721865658D001FAC75 /* Foundation.framework */; };
		BC41D6941865658D001FAC75 /* UIKit.framework in Frameworks */ = {isa = PBXBuildFile; fileRef = BC41D6761865658D001FAC75 /* UIKit.framework */; };
		BC41D69C1865658D001FAC75 /* InfoPlist.strings in Resources */ = {isa = PBXBuildFile; fileRef = BC41D69A1865658D001FAC75 /* InfoPlist.strings */; };
		BC41D69E1865658D001FAC75 /* posimarkerTests.m in Sources */ = {isa = PBXBuildFile; fileRef = BC41D69D1865658D001FAC75 /* posimarkerTests.m */; };
/* End PBXBuildFile section */

/* Begin PBXContainerItemProxy section */
		BC41D6951865658D001FAC75 /* PBXContainerItemProxy */ = {
			isa = PBXContainerItemProxy;
			containerPortal = BC41D6671865658C001FAC75 /* Project object */;
			proxyType = 1;
			remoteGlobalIDString = BC41D66E1865658D001FAC75;
			remoteInfo = posimarker;
		};
/* End PBXContainerItemProxy section */

/* Begin PBXFileReference section */
		BC41D66F1865658D001FAC75 /* posimarker.app */ = {isa = PBXFileReference; explicitFileType = wrapper.application; includeInIndex = 0; path = posimarker.app; sourceTree = BUILT_PRODUCTS_DIR; };
		BC41D6721865658D001FAC75 /* Foundation.framework */ = {isa = PBXFileReference; lastKnownFileType = wrapper.framework; name = Foundation.framework; path = System/Library/Frameworks/Foundation.framework; sourceTree = SDKROOT; };
		BC41D6741865658D001FAC75 /* CoreGraphics.framework */ = {isa = PBXFileReference; lastKnownFileType = wrapper.framework; name = CoreGraphics.framework; path = System/Library/Frameworks/CoreGraphics.framework; sourceTree = SDKROOT; };
		BC41D6761865658D001FAC75 /* UIKit.framework */ = {isa = PBXFileReference; lastKnownFileType = wrapper.framework; name = UIKit.framework; path = System/Library/Frameworks/UIKit.framework; sourceTree = SDKROOT; };
		BC41D67A1865658D001FAC75 /* posimarker-Info.plist */ = {isa = PBXFileReference; lastKnownFileType = text.plist.xml; path = "posimarker-Info.plist"; sourceTree = "<group>"; };
		BC41D67C1865658D001FAC75 /* en */ = {isa = PBXFileReference; lastKnownFileType = text.plist.strings; name = en; path = en.lproj/InfoPlist.strings; sourceTree = "<group>"; };
		BC41D67E1865658D001FAC75 /* main.m */ = {isa = PBXFileReference; lastKnownFileType = sourcecode.c.objc; path = main.m; sourceTree = "<group>"; };
		BC41D6801865658D001FAC75 /* posimarker-Prefix.pch */ = {isa = PBXFileReference; lastKnownFileType = sourcecode.c.h; path = "posimarker-Prefix.pch"; sourceTree = "<group>"; };
		BC41D6811865658D001FAC75 /* AppDelegate.h */ = {isa = PBXFileReference; lastKnownFileType = sourcecode.c.h; path = AppDelegate.h; sourceTree = "<group>"; };
		BC41D6821865658D001FAC75 /* AppDelegate.m */ = {isa = PBXFileReference; lastKnownFileType = sourcecode.c.objc; path = AppDelegate.m; sourceTree = "<group>"; };
		BC41D6851865658D001FAC75 /* Base */ = {isa = PBXFileReference; lastKnownFileType = file.storyboard; name = Base; path = Base.lproj/Main.storyboard; sourceTree = "<group>"; };
		BC41D6871865658D001FAC75 /* ViewController.h */ = {isa = PBXFileReference; lastKnownFileType = sourcecode.c.h; path = ViewController.h; sourceTree = "<group>"; };
		BC41D6881865658D001FAC75 /* ViewController.m */ = {isa = PBXFileReference; lastKnownFileType = sourcecode.c.objc; path = ViewController.m; sourceTree = "<group>"; };
		BC41D68A1865658D001FAC75 /* Images.xcassets */ = {isa = PBXFileReference; lastKnownFileType = folder.assetcatalog; path = Images.xcassets; sourceTree = "<group>"; };
		BC41D6901865658D001FAC75 /* posimarkerTests.xctest */ = {isa = PBXFileReference; explicitFileType = wrapper.cfbundle; includeInIndex = 0; path = posimarkerTests.xctest; sourceTree = BUILT_PRODUCTS_DIR; };
		BC41D6911865658D001FAC75 /* XCTest.framework */ = {isa = PBXFileReference; lastKnownFileType = wrapper.framework; name = XCTest.framework; path = Library/Frameworks/XCTest.framework; sourceTree = DEVELOPER_DIR; };
		BC41D6991865658D001FAC75 /* posimarkerTests-Info.plist */ = {isa = PBXFileReference; lastKnownFileType = text.plist.xml; path = "posimarkerTests-Info.plist"; sourceTree = "<group>"; };
		BC41D69B1865658D001FAC75 /* en */ = {isa = PBXFileReference; lastKnownFileType = text.plist.strings; name = en; path = en.lproj/InfoPlist.strings; sourceTree = "<group>"; };
		BC41D69D1865658D001FAC75 /* posimarkerTests.m */ = {isa = PBXFileReference; lastKnownFileType = sourcecode.c.objc; path = posimarkerTests.m; sourceTree = "<group>"; };
/* End PBXFileReference section */

/* Begin PBXFrameworksBuildPhase section */
		BC41D66C1865658D001FAC75 /* Frameworks */ = {
			isa = PBXFrameworksBuildPhase;
			buildActionMask = 2147483647;
			files = (
				BC41D6751865658D001FAC75 /* CoreGraphics.framework in Frameworks */,
				BC41D6771865658D001FAC75 /* UIKit.framework in Frameworks */,
				BC41D6731865658D001FAC75 /* Foundation.framework in Frameworks */,
			);
			runOnlyForDeploymentPostprocessing = 0;
		};
		BC41D68D1865658D001FAC75 /* Frameworks */ = {
			isa = PBXFrameworksBuildPhase;
			buildActionMask = 2147483647;
			files = (
				BC41D6921865658D001FAC75 /* XCTest.framework in Frameworks */,
				BC41D6941865658D001FAC75 /* UIKit.framework in Frameworks */,
				BC41D6931865658D001FAC75 /* Foundation.framework in Frameworks */,
			);
			runOnlyForDeploymentPostprocessing = 0;
		};
/* End PBXFrameworksBuildPhase section */

/* Begin PBXGroup section */
		BC41D6661865658C001FAC75 = {
			isa = PBXGroup;
			children = (
				BC41D6781865658D001FAC75 /* posimarker */,
				BC41D6971865658D001FAC75 /* posimarkerTests */,
				BC41D6711865658D001FAC75 /* Frameworks */,
				BC41D6701865658D001FAC75 /* Products */,
			);
			sourceTree = "<group>";
		};
		BC41D6701865658D001FAC75 /* Products */ = {
			isa = PBXGroup;
			children = (
				BC41D66F1865658D001FAC75 /* posimarker.app */,
				BC41D6901865658D001FAC75 /* posimarkerTests.xctest */,
			);
			name = Products;
			sourceTree = "<group>";
		};
		BC41D6711865658D001FAC75 /* Frameworks */ = {
			isa = PBXGroup;
			children = (
				BC41D6721865658D001FAC75 /* Foundation.framework */,
				BC41D6741865658D001FAC75 /* CoreGraphics.framework */,
				BC41D6761865658D001FAC75 /* UIKit.framework */,
				BC41D6911865658D001FAC75 /* XCTest.framework */,
			);
			name = Frameworks;
			sourceTree = "<group>";
		};
		BC41D6781865658D001FAC75 /* posimarker */ = {
			isa = PBXGroup;
			children = (
				BC41D6811865658D001FAC75 /* AppDelegate.h */,
				BC41D6821865658D001FAC75 /* AppDelegate.m */,
				BC41D6841865658D001FAC75 /* Main.storyboard */,
				BC41D6871865658D001FAC75 /* ViewController.h */,
				BC41D6881865658D001FAC75 /* ViewController.m */,
				BC41D68A1865658D001FAC75 /* Images.xcassets */,
				BC41D6791865658D001FAC75 /* Supporting Files */,
			);
			path = posimarker;
			sourceTree = "<group>";
		};
		BC41D6791865658D001FAC75 /* Supporting Files */ = {
			isa = PBXGroup;
			children = (
				BC41D67A1865658D001FAC75 /* posimarker-Info.plist */,
				BC41D67B1865658D001FAC75 /* InfoPlist.strings */,
				BC41D67E1865658D001FAC75 /* main.m */,
				BC41D6801865658D001FAC75 /* posimarker-Prefix.pch */,
			);
			name = "Supporting Files";
			sourceTree = "<group>";
		};
		BC41D6971865658D001FAC75 /* posimarkerTests */ = {
			isa = PBXGroup;
			children = (
				BC41D69D1865658D001FAC75 /* posimarkerTests.m */,
				BC41D6981865658D001FAC75 /* Supporting Files */,
			);
			path = posimarkerTests;
			sourceTree = "<group>";
		};
		BC41D6981865658D001FAC75 /* Supporting Files */ = {
			isa = PBXGroup;
			children = (
				BC41D6991865658D001FAC75 /* posimarkerTests-Info.plist */,
				BC41D69A1865658D001FAC75 /* InfoPlist.strings */,
			);
			name = "Supporting Files";
			sourceTree = "<group>";
		};
/* End PBXGroup section */

/* Begin PBXNativeTarget section */
		BC41D66E1865658D001FAC75 /* posimarker */ = {
			isa = PBXNativeTarget;
			buildConfigurationList = BC41D6A11865658D001FAC75 /* Build configuration list for PBXNativeTarget "posimarker" */;
			buildPhases = (
				BC41D66B1865658D001FAC75 /* Sources */,
				BC41D66C1865658D001FAC75 /* Frameworks */,
				BC41D66D1865658D001FAC75 /* Resources */,
			);
			buildRules = (
			);
			dependencies = (
			);
			name = posimarker;
			productName = posimarker;
			productReference = BC41D66F1865658D001FAC75 /* posimarker.app */;
			productType = "com.apple.product-type.application";
		};
		BC41D68F1865658D001FAC75 /* posimarkerTests */ = {
			isa = PBXNativeTarget;
			buildConfigurationList = BC41D6A41865658D001FAC75 /* Build configuration list for PBXNativeTarget "posimarkerTests" */;
			buildPhases = (
				BC41D68C1865658D001FAC75 /* Sources */,
				BC41D68D1865658D001FAC75 /* Frameworks */,
				BC41D68E1865658D001FAC75 /* Resources */,
			);
			buildRules = (
			);
			dependencies = (
				BC41D6961865658D001FAC75 /* PBXTargetDependency */,
			);
			name = posimarkerTests;
			productName = posimarkerTests;
			productReference = BC41D6901865658D001FAC75 /* posimarkerTests.xctest */;
			productType = "com.apple.product-type.bundle.unit-test";
		};
/* End PBXNativeTarget section */

/* Begin PBXProject section */
		BC41D6671865658C001FAC75 /* Project object */ = {
			isa = PBXProject;
			attributes = {
				LastUpgradeCheck = 0500;
				ORGANIZATIONNAME = posi;
				TargetAttributes = {
					BC41D68F1865658D001FAC75 = {
						TestTargetID = BC41D66E1865658D001FAC75;
					};
				};
			};
			buildConfigurationList = BC41D66A1865658C001FAC75 /* Build configuration list for PBXProject "posimarker" */;
			compatibilityVersion = "Xcode 3.2";
			developmentRegion = English;
			hasScannedForEncodings = 0;
			knownRegions = (
				en,
				Base,
			);
			mainGroup = BC41D6661865658C001FAC75;
			productRefGroup = BC41D6701865658D001FAC75 /* Products */;
			projectDirPath = "";
			projectRoot = "";
			targets = (
				BC41D66E1865658D001FAC75 /* posimarker */,
				BC41D68F1865658D001FAC75 /* posimarkerTests */,
			);
		};
/* End PBXProject section */

/* Begin PBXResourcesBuildPhase section */
		BC41D66D1865658D001FAC75 /* Resources */ = {
			isa = PBXResourcesBuildPhase;
			buildActionMask = 2147483647;
			files = (
				BC41D68B1865658D001FAC75 /* Images.xcassets in Resources */,
				BC41D67D1865658D001FAC75 /* InfoPlist.strings in Resources */,
				BC41D6861865658D001FAC75 /* Main.storyboard in Resources */,
			);
			runOnlyForDeploymentPostprocessing = 0;
		};
		BC41D68E1865658D001FAC75 /* Resources */ = {
			isa = PBXResourcesBuildPhase;
			buildActionMask = 2147483647;
			files = (
				BC41D69C1865658D001FAC75 /* InfoPlist.strings in Resources */,
			);
			runOnlyForDeploymentPostprocessing = 0;
		};
/* End PBXResourcesBuildPhase section */

/* Begin PBXSourcesBuildPhase section */
		BC41D66B1865658D001FAC75 /* Sources */ = {
			isa = PBXSourcesBuildPhase;
			buildActionMask = 2147483647;
			files = (
				BC41D6891865658D001FAC75 /* ViewController.m in Sources */,
				BC41D6831865658D001FAC75 /* AppDelegate.m in Sources */,
				BC41D67F1865658D001FAC75 /* main.m in Sources */,
			);
			runOnlyForDeploymentPostprocessing = 0;
		};
		BC41D68C1865658D001FAC75 /* Sources */ = {
			isa = PBXSourcesBuildPhase;
			buildActionMask = 2147483647;
			files = (
				BC41D69E1865658D001FAC75 /* posimarkerTests.m in Sources */,
			);
			runOnlyForDeploymentPostprocessing = 0;
		};
/* End PBXSourcesBuildPhase section */

/* Begin PBXTargetDependency section */
		BC41D6961865658D001FAC75 /* PBXTargetDependency */ = {
			isa = PBXTargetDependency;
			target = BC41D66E1865658D001FAC75 /* posimarker */;
			targetProxy = BC41D6951865658D001FAC75 /* PBXContainerItemProxy */;
		};
/* End PBXTargetDependency section */

/* Begin PBXVariantGroup section */
		BC41D67B1865658D001FAC75 /* InfoPlist.strings */ = {
			isa = PBXVariantGroup;
			children = (
				BC41D67C1865658D001FAC75 /* en */,
			);
			name = InfoPlist.strings;
			sourceTree = "<group>";
		};
		BC41D6841865658D001FAC75 /* Main.storyboard */ = {
			isa = PBXVariantGroup;
			children = (
				BC41D6851865658D001FAC75 /* Base */,
			);
			name = Main.storyboard;
			sourceTree = "<group>";
		};
		BC41D69A1865658D001FAC75 /* InfoPlist.strings */ = {
			isa = PBXVariantGroup;
			children = (
				BC41D69B1865658D001FAC75 /* en */,
			);
			name = InfoPlist.strings;
			sourceTree = "<group>";
		};
/* End PBXVariantGroup section */

/* Begin XCBuildConfiguration section */
		BC41D69F1865658D001FAC75 /* Debug */ = {
			isa = XCBuildConfiguration;
			buildSettings = {
				ALWAYS_SEARCH_USER_PATHS = NO;
				ARCHS = "$(ARCHS_STANDARD_INCLUDING_64_BIT)";
				CLANG_CXX_LANGUAGE_STANDARD = "gnu++0x";
				CLANG_CXX_LIBRARY = "libc++";
				CLANG_ENABLE_MODULES = YES;
				CLANG_ENABLE_OBJC_ARC = YES;
				CLANG_WARN_BOOL_CONVERSION = YES;
				CLANG_WARN_CONSTANT_CONVERSION = YES;
				CLANG_WARN_DIRECT_OBJC_ISA_USAGE = YES_ERROR;
				CLANG_WARN_EMPTY_BODY = YES;
				CLANG_WARN_ENUM_CONVERSION = YES;
				CLANG_WARN_INT_CONVERSION = YES;
				CLANG_WARN_OBJC_ROOT_CLASS = YES_ERROR;
				CLANG_WARN__DUPLICATE_METHOD_MATCH = YES;
				"CODE_SIGN_IDENTITY[sdk=iphoneos*]" = "iPhone Developer";
				COPY_PHASE_STRIP = NO;
				GCC_C_LANGUAGE_STANDARD = gnu99;
				GCC_DYNAMIC_NO_PIC = NO;
				GCC_OPTIMIZATION_LEVEL = 0;
				GCC_PREPROCESSOR_DEFINITIONS = (
					"DEBUG=1",
					"$(inherited)",
				);
				GCC_SYMBOLS_PRIVATE_EXTERN = NO;
				GCC_WARN_64_TO_32_BIT_CONVERSION = YES;
				GCC_WARN_ABOUT_RETURN_TYPE = YES_ERROR;
				GCC_WARN_UNDECLARED_SELECTOR = YES;
				GCC_WARN_UNINITIALIZED_AUTOS = YES;
				GCC_WARN_UNUSED_FUNCTION = YES;
				GCC_WARN_UNUSED_VARIABLE = YES;
				IPHONEOS_DEPLOYMENT_TARGET = 7.0;
				ONLY_ACTIVE_ARCH = YES;
				SDKROOT = iphoneos;
			};
			name = Debug;
		};
		BC41D6A01865658D001FAC75 /* Release */ = {
			isa = XCBuildConfiguration;
			buildSettings = {
				ALWAYS_SEARCH_USER_PATHS = NO;
				ARCHS = "$(ARCHS_STANDARD_INCLUDING_64_BIT)";
				CLANG_CXX_LANGUAGE_STANDARD = "gnu++0x";
				CLANG_CXX_LIBRARY = "libc++";
				CLANG_ENABLE_MODULES = YES;
				CLANG_ENABLE_OBJC_ARC = YES;
				CLANG_WARN_BOOL_CONVERSION = YES;
				CLANG_WARN_CONSTANT_CONVERSION = YES;
				CLANG_WARN_DIRECT_OBJC_ISA_USAGE = YES_ERROR;
				CLANG_WARN_EMPTY_BODY = YES;
				CLANG_WARN_ENUM_CONVERSION = YES;
				CLANG_WARN_INT_CONVERSION = YES;
				CLANG_WARN_OBJC_ROOT_CLASS = YES_ERROR;
				CLANG_WARN__DUPLICATE_METHOD_MATCH = YES;
				"CODE_SIGN_IDENTITY[sdk=iphoneos*]" = "iPhone Developer";
				COPY_PHASE_STRIP = YES;
				ENABLE_NS_ASSERTIONS = NO;
				GCC_C_LANGUAGE_STANDARD = gnu99;
				GCC_WARN_64_TO_32_BIT_CONVERSION = YES;
				GCC_WARN_ABOUT_RETURN_TYPE = YES_ERROR;
				GCC_WARN_UNDECLARED_SELECTOR = YES;
				GCC_WARN_UNINITIALIZED_AUTOS = YES;
				GCC_WARN_UNUSED_FUNCTION = YES;
				GCC_WARN_UNUSED_VARIABLE = YES;
				IPHONEOS_DEPLOYMENT_TARGET = 7.0;
				SDKROOT = iphoneos;
				VALIDATE_PRODUCT = YES;
			};
			name = Release;
		};
		BC41D6A21865658D001FAC75 /* Debug */ = {
			isa = XCBuildConfiguration;
			buildSettings = {
				ASSETCATALOG_COMPILER_APPICON_NAME = AppIcon;
				ASSETCATALOG_COMPILER_LAUNCHIMAGE_NAME = LaunchImage;
				GCC_PRECOMPILE_PREFIX_HEADER = YES;
				GCC_PREFIX_HEADER = "posimarker/posimarker-Prefix.pch";
				INFOPLIST_FILE = "posimarker/posimarker-Info.plist";
				PRODUCT_NAME = "$(TARGET_NAME)";
				WRAPPER_EXTENSION = app;
			};
			name = Debug;
		};
		BC41D6A31865658D001FAC75 /* Release */ = {
			isa = XCBuildConfiguration;
			buildSettings = {
				ASSETCATALOG_COMPILER_APPICON_NAME = AppIcon;
				ASSETCATALOG_COMPILER_LAUNCHIMAGE_NAME = LaunchImage;
				GCC_PRECOMPILE_PREFIX_HEADER = YES;
				GCC_PREFIX_HEADER = "posimarker/posimarker-Prefix.pch";
				INFOPLIST_FILE = "posimarker/posimarker-Info.plist";
				PRODUCT_NAME = "$(TARGET_NAME)";
				WRAPPER_EXTENSION = app;
			};
			name = Release;
		};
		BC41D6A51865658D001FAC75 /* Debug */ = {
			isa = XCBuildConfiguration;
			buildSettings = {
				ARCHS = "$(ARCHS_STANDARD_INCLUDING_64_BIT)";
				BUNDLE_LOADER = "$(BUILT_PRODUCTS_DIR)/posimarker.app/posimarker";
				FRAMEWORK_SEARCH_PATHS = (
					"$(SDKROOT)/Developer/Library/Frameworks",
					"$(inherited)",
					"$(DEVELOPER_FRAMEWORKS_DIR)",
				);
				GCC_PRECOMPILE_PREFIX_HEADER = YES;
				GCC_PREFIX_HEADER = "posimarker/posimarker-Prefix.pch";
				GCC_PREPROCESSOR_DEFINITIONS = (
					"DEBUG=1",
					"$(inherited)",
				);
				INFOPLIST_FILE = "posimarkerTests/posimarkerTests-Info.plist";
				PRODUCT_NAME = "$(TARGET_NAME)";
				TEST_HOST = "$(BUNDLE_LOADER)";
				WRAPPER_EXTENSION = xctest;
			};
			name = Debug;
		};
		BC41D6A61865658D001FAC75 /* Release */ = {
			isa = XCBuildConfiguration;
			buildSettings = {
				ARCHS = "$(ARCHS_STANDARD_INCLUDING_64_BIT)";
				BUNDLE_LOADER = "$(BUILT_PRODUCTS_DIR)/posimarker.app/posimarker";
				FRAMEWORK_SEARCH_PATHS = (
					"$(SDKROOT)/Developer/Library/Frameworks",
					"$(inherited)",
					"$(DEVELOPER_FRAMEWORKS_DIR)",
				);
				GCC_PRECOMPILE_PREFIX_HEADER = YES;
				GCC_PREFIX_HEADER = "posimarker/posimarker-Prefix.pch";
				INFOPLIST_FILE = "posimarkerTests/posimarkerTests-Info.plist";
				PRODUCT_NAME = "$(TARGET_NAME)";
				TEST_HOST = "$(BUNDLE_LOADER)";
				WRAPPER_EXTENSION = xctest;
			};
			name = Release;
		};
/* End XCBuildConfiguration section */

/* Begin XCConfigurationList section */
		BC41D66A1865658C001FAC75 /* Build configuration list for PBXProject "posimarker" */ = {
			isa = XCConfigurationList;
			buildConfigurations = (
				BC41D69F1865658D001FAC75 /* Debug */,
				BC41D6A01865658D001FAC75 /* Release */,
			);
			defaultConfigurationIsVisible = 0;
			defaultConfigurationName = Release;
		};
		BC41D6A11865658D001FAC75 /* Build configuration list for PBXNativeTarget "posimarker" */ = {
			isa = XCConfigurationList;
			buildConfigurations = (
				BC41D6A21865658D001FAC75 /* Debug */,
				BC41D6A31865658D001FAC75 /* Release */,
			);
			defaultConfigurationIsVisible = 0;
		};
		BC41D6A41865658D001FAC75 /* Build configuration list for PBXNativeTarget "posimarkerTests" */ = {
			isa = XCConfigurationList;
			buildConfigurations = (
				BC41D6A51865658D001FAC75 /* Debug */,
				BC41D6A61865658D001FAC75 /* Release */,
			);
			defaultConfigurationIsVisible = 0;
		};
/* End XCConfigurationList section */
	};
	rootObject = BC41D6671865658C001FAC75 /* Project object */;
}
