PODS:
  - ISO8601DateFormatter (0.7)
  - RaptureXML (1.0.1)
  - zipzap (5.0)

DEPENDENCIES:
  - ISO8601DateFormatter (~> 0.7)
  - RaptureXML (~> 1.0.1)
  - zipzap (~> 5.0)

SPEC CHECKSUMS:
  ISO8601DateFormatter: 00944e437ea647f4244454ce8809d313861d08de
  RaptureXML: ef017fda62eb95c60300108366d1f0cd0c28cbd4
  zipzap: 494a6a28fa71a0a0d78a19c4c5377557b89d7b94

COCOAPODS: 0.23.0
